// !$*UTF8*$!
{
	archiveVersion = 1;
	classes = {
	};
	objectVersion = 46;
	objects = {

/* Begin PBXBuildFile section */
		C91E07F6191E0EB80027981C /* XCTest.framework in Frameworks */ = {isa = PBXBuildFile; fileRef = C91E07F5191E0EB80027981C /* XCTest.framework */; };
		C91E07F7191E0EB80027981C /* Foundation.framework in Frameworks */ = {isa = PBXBuildFile; fileRef = C95FDEE515D232D5006FE035 /* Foundation.framework */; };
		C91E07F8191E0EB80027981C /* UIKit.framework in Frameworks */ = {isa = PBXBuildFile; fileRef = C95FDEE315D232D5006FE035 /* UIKit.framework */; };
		C91E07FE191E0EB80027981C /* InfoPlist.strings in Resources */ = {isa = PBXBuildFile; fileRef = C91E07FC191E0EB80027981C /* InfoPlist.strings */; };
		C91E0800191E0EB80027981C /* Passcode_Tests.m in Sources */ = {isa = PBXBuildFile; fileRef = C91E07FF191E0EB80027981C /* Passcode_Tests.m */; };
		C91E0807191E0EBF0027981C /* PCDDomainName.m in Sources */ = {isa = PBXBuildFile; fileRef = C91E07ED191E0E560027981C /* PCDDomainName.m */; };
		C91E08951922BA710027981C /* UIColor+AppColor.m in Sources */ = {isa = PBXBuildFile; fileRef = C91E08941922BA710027981C /* UIColor+AppColor.m */; };
		C926216D17D29B5A0095AE1C /* MTZAppearWindow.m in Sources */ = {isa = PBXBuildFile; fileRef = C926216C17D29B5A0095AE1C /* MTZAppearWindow.m */; };
		C94BA7081874B7CF0075F84A /* PCDAboutViewController.storyboard in Resources */ = {isa = PBXBuildFile; fileRef = C94BA7071874B7CF0075F84A /* PCDAboutViewController.storyboard */; };
		C94C7C94172D7D6200A3D19E /* MTZSlideToReveal.m in Sources */ = {isa = PBXBuildFile; fileRef = C94C7C93172D7D6200A3D19E /* MTZSlideToReveal.m */; };
		C94C7CA5172DBAC800A3D19E /* SourceCodePro-Medium.ttf in Resources */ = {isa = PBXBuildFile; fileRef = C94C7CA3172DBAC800A3D19E /* SourceCodePro-Medium.ttf */; };
		C94C7CA7172DBAC800A3D19E /* SourceCodePro-Regular.ttf in Resources */ = {isa = PBXBuildFile; fileRef = C94C7CA4172DBAC800A3D19E /* SourceCodePro-Regular.ttf */; };
		C94D338416BF3A5300E6D34B /* NSString+characterSwaps.m in Sources */ = {isa = PBXBuildFile; fileRef = C94D338316BF3A5300E6D34B /* NSString+characterSwaps.m */; };
		C94DFC5B16288D0B002AD5CD /* PCDAboutViewController.m in Sources */ = {isa = PBXBuildFile; fileRef = C94DFC5916288D0B002AD5CD /* PCDAboutViewController.m */; };
		C94DFD35162BAC59002AD5CD /* Localizable.strings in Resources */ = {isa = PBXBuildFile; fileRef = C94DFD33162BAC59002AD5CD /* Localizable.strings */; };
		C95FDEE415D232D5006FE035 /* UIKit.framework in Frameworks */ = {isa = PBXBuildFile; fileRef = C95FDEE315D232D5006FE035 /* UIKit.framework */; };
		C95FDEE615D232D5006FE035 /* Foundation.framework in Frameworks */ = {isa = PBXBuildFile; fileRef = C95FDEE515D232D5006FE035 /* Foundation.framework */; };
		C95FDEE815D232D5006FE035 /* CoreGraphics.framework in Frameworks */ = {isa = PBXBuildFile; fileRef = C95FDEE715D232D5006FE035 /* CoreGraphics.framework */; };
		C95FDEF015D232D5006FE035 /* main.m in Sources */ = {isa = PBXBuildFile; fileRef = C95FDEEF15D232D5006FE035 /* main.m */; };
		C95FDEF415D232D5006FE035 /* PCDAppDelegate.m in Sources */ = {isa = PBXBuildFile; fileRef = C95FDEF315D232D5006FE035 /* PCDAppDelegate.m */; };
		C95FDEF715D232D5006FE035 /* PCDViewController.m in Sources */ = {isa = PBXBuildFile; fileRef = C95FDEF615D232D5006FE035 /* PCDViewController.m */; };
		C96165B016A1298600532B61 /* UITextField+Selections.m in Sources */ = {isa = PBXBuildFile; fileRef = C96165AF16A1298600532B61 /* UITextField+Selections.m */; };
		C96165B316A169F200532B61 /* NSString+sha256.m in Sources */ = {isa = PBXBuildFile; fileRef = C96165B216A169F100532B61 /* NSString+sha256.m */; };
		C96BB5A816A7CB2000E5EEEC /* InfoPlist.strings in Resources */ = {isa = PBXBuildFile; fileRef = C96BB5A716A7CB2000E5EEEC /* InfoPlist.strings */; };
		C96BB61E16A9047B00E5EEEC /* PCDViewController_iPad.xib in Resources */ = {isa = PBXBuildFile; fileRef = C96BB61D16A9047B00E5EEEC /* PCDViewController_iPad.xib */; };
		C96BB62116A904CF00E5EEEC /* PCDViewController.xib in Resources */ = {isa = PBXBuildFile; fileRef = C96BB62016A904CF00E5EEEC /* PCDViewController.xib */; };
		C96E7AE4175287C900E65921 /* MTZFarPanGestureRecognizer.m in Sources */ = {isa = PBXBuildFile; fileRef = C96E7AE3175287C900E65921 /* MTZFarPanGestureRecognizer.m */; };
		C978AE2B190FF92A00E4ECF8 /* NSMutableArray+MTZRemove.m in Sources */ = {isa = PBXBuildFile; fileRef = C978AE2A190FF92A00E4ECF8 /* NSMutableArray+MTZRemove.m */; };
		C978AE2E190FF93500E4ECF8 /* UIView+UIViewAutoresizingAdditions.m in Sources */ = {isa = PBXBuildFile; fileRef = C978AE2D190FF93500E4ECF8 /* UIView+UIViewAutoresizingAdditions.m */; };
		C98347571906FCEA00892080 /* NSURL+DomainName.m in Sources */ = {isa = PBXBuildFile; fileRef = C98347561906FCEA00892080 /* NSURL+DomainName.m */; };
		C984F4E717542EA200172F9F /* PCDPasscodeGenerator.m in Sources */ = {isa = PBXBuildFile; fileRef = C984F4E617542EA200172F9F /* PCDPasscodeGenerator.m */; };
		C98A5F71186AA4A0004EDC76 /* MTZTextField.m in Sources */ = {isa = PBXBuildFile; fileRef = C98A5F70186AA4A0004EDC76 /* MTZTextField.m */; };
		C9AC9A441631096000EFFD43 /* PDKeychainBindings.m in Sources */ = {isa = PBXBuildFile; fileRef = C9AC9A411631096000EFFD43 /* PDKeychainBindings.m */; };
		C9AC9A451631096000EFFD43 /* PDKeychainBindingsController.m in Sources */ = {isa = PBXBuildFile; fileRef = C9AC9A431631096000EFFD43 /* PDKeychainBindingsController.m */; };
		C9AC9A47163109BF00EFFD43 /* Security.framework in Frameworks */ = {isa = PBXBuildFile; fileRef = C9AC9A46163109BF00EFFD43 /* Security.framework */; };
		C9BAC3DD191DBB3E00EA7728 /* MTZButton.m in Sources */ = {isa = PBXBuildFile; fileRef = C9BAC3DC191DBB3E00EA7728 /* MTZButton.m */; };
		C9BBC1F515DA10B600E16FBB /* MTZAppearView.m in Sources */ = {isa = PBXBuildFile; fileRef = C9BBC1F415DA10B600E16FBB /* MTZAppearView.m */; };
		C9BBC1F815DA4E4000E16FBB /* QuartzCore.framework in Frameworks */ = {isa = PBXBuildFile; fileRef = C9BBC1F715DA4E4000E16FBB /* QuartzCore.framework */; };
		C9BBC21215DEE81C00E16FBB /* Settings.bundle in Resources */ = {isa = PBXBuildFile; fileRef = C9BBC21115DEE81C00E16FBB /* Settings.bundle */; };
		C9C182E917F0B5DD005AF9A3 /* Images.xcassets in Resources */ = {isa = PBXBuildFile; fileRef = C9C182E817F0B5DD005AF9A3 /* Images.xcassets */; };
		C9D0F504173C886800AC055D /* FAQs.plist in Resources */ = {isa = PBXBuildFile; fileRef = C9D0F503173C886800AC055D /* FAQs.plist */; };
		C9D1BA90164885B9009A5DBA /* MessageUI.framework in Frameworks */ = {isa = PBXBuildFile; fileRef = C9D1BA8F164885B9009A5DBA /* MessageUI.framework */; };
		C9DE4114187242DD006FD776 /* PCDFAQViewController.m in Sources */ = {isa = PBXBuildFile; fileRef = C9DE4112187242DD006FD776 /* PCDFAQViewController.m */; };
		C9DE415818729D63006FD776 /* PCDFAQViewController.storyboard in Resources */ = {isa = PBXBuildFile; fileRef = C9DE415718729D63006FD776 /* PCDFAQViewController.storyboard */; };
		C9DE419F1872A6E5006FD776 /* PCDFAQCell.m in Sources */ = {isa = PBXBuildFile; fileRef = C9DE419E1872A6E5006FD776 /* PCDFAQCell.m */; };
		C9EED9E218692F17008973E2 /* StoreKit.framework in Frameworks */ = {isa = PBXBuildFile; fileRef = C9EED9E118692F17008973E2 /* StoreKit.framework */; };
		C9F25B8318760A3700B84A4F /* PCDRestrictionsViewController.m in Sources */ = {isa = PBXBuildFile; fileRef = C9F25B8218760A3700B84A4F /* PCDRestrictionsViewController.m */; };
		C9F5E963187F98EB005A7FEC /* NSString+Repeated.m in Sources */ = {isa = PBXBuildFile; fileRef = C9F5E962187F98EB005A7FEC /* NSString+Repeated.m */; };
/* End PBXBuildFile section */

/* Begin PBXContainerItemProxy section */
		C91E0802191E0EB80027981C /* PBXContainerItemProxy */ = {
			isa = PBXContainerItemProxy;
			containerPortal = C95FDED615D232D5006FE035 /* Project object */;
			proxyType = 1;
			remoteGlobalIDString = C95FDEDE15D232D5006FE035;
			remoteInfo = Passcode;
		};
/* End PBXContainerItemProxy section */

/* Begin PBXFileReference section */
		C91E07ED191E0E560027981C /* PCDDomainName.m */ = {isa = PBXFileReference; fileEncoding = 4; lastKnownFileType = sourcecode.c.objc; name = PCDDomainName.m; path = ../Passcode/PCDDomainName.m; sourceTree = "<group>"; };
		C91E07F4191E0EB80027981C /* Passcode Tests.xctest */ = {isa = PBXFileReference; explicitFileType = wrapper.cfbundle; includeInIndex = 0; path = "Passcode Tests.xctest"; sourceTree = BUILT_PRODUCTS_DIR; };
		C91E07F5191E0EB80027981C /* XCTest.framework */ = {isa = PBXFileReference; lastKnownFileType = wrapper.framework; name = XCTest.framework; path = Library/Frameworks/XCTest.framework; sourceTree = DEVELOPER_DIR; };
		C91E07FB191E0EB80027981C /* Passcode Tests-Info.plist */ = {isa = PBXFileReference; lastKnownFileType = text.plist.xml; path = "Passcode Tests-Info.plist"; sourceTree = "<group>"; };
		C91E07FD191E0EB80027981C /* en */ = {isa = PBXFileReference; lastKnownFileType = text.plist.strings; name = en; path = en.lproj/InfoPlist.strings; sourceTree = "<group>"; };
		C91E07FF191E0EB80027981C /* Passcode_Tests.m */ = {isa = PBXFileReference; lastKnownFileType = sourcecode.c.objc; path = Passcode_Tests.m; sourceTree = "<group>"; };
		C91E0801191E0EB80027981C /* Passcode Tests-Prefix.pch */ = {isa = PBXFileReference; lastKnownFileType = sourcecode.c.h; path = "Passcode Tests-Prefix.pch"; sourceTree = "<group>"; };
		C91E08931922BA710027981C /* UIColor+AppColor.h */ = {isa = PBXFileReference; fileEncoding = 4; lastKnownFileType = sourcecode.c.h; path = "UIColor+AppColor.h"; sourceTree = "<group>"; };
		C91E08941922BA710027981C /* UIColor+AppColor.m */ = {isa = PBXFileReference; fileEncoding = 4; lastKnownFileType = sourcecode.c.objc; path = "UIColor+AppColor.m"; sourceTree = "<group>"; };
		C926216B17D29B5A0095AE1C /* MTZAppearWindow.h */ = {isa = PBXFileReference; fileEncoding = 4; lastKnownFileType = sourcecode.c.h; name = MTZAppearWindow.h; path = Passcode/MTZAppearWindow.h; sourceTree = "<group>"; };
		C926216C17D29B5A0095AE1C /* MTZAppearWindow.m */ = {isa = PBXFileReference; fileEncoding = 4; lastKnownFileType = sourcecode.c.objc; name = MTZAppearWindow.m; path = Passcode/MTZAppearWindow.m; sourceTree = "<group>"; };
		C9286B0E16B6E552008E6652 /* Passcode-Info.plist */ = {isa = PBXFileReference; fileEncoding = 4; lastKnownFileType = text.plist; path = "Passcode-Info.plist"; sourceTree = "<group>"; };
		C94BA7071874B7CF0075F84A /* PCDAboutViewController.storyboard */ = {isa = PBXFileReference; fileEncoding = 4; lastKnownFileType = file.storyboard; path = PCDAboutViewController.storyboard; sourceTree = "<group>"; };
		C94C7C92172D7D6200A3D19E /* MTZSlideToReveal.h */ = {isa = PBXFileReference; fileEncoding = 4; lastKnownFileType = sourcecode.c.h; path = MTZSlideToReveal.h; sourceTree = "<group>"; };
		C94C7C93172D7D6200A3D19E /* MTZSlideToReveal.m */ = {isa = PBXFileReference; fileEncoding = 4; lastKnownFileType = sourcecode.c.objc; path = MTZSlideToReveal.m; sourceTree = "<group>"; };
		C94C7CA3172DBAC800A3D19E /* SourceCodePro-Medium.ttf */ = {isa = PBXFileReference; lastKnownFileType = file; path = "SourceCodePro-Medium.ttf"; sourceTree = "<group>"; };
		C94C7CA4172DBAC800A3D19E /* SourceCodePro-Regular.ttf */ = {isa = PBXFileReference; lastKnownFileType = file; path = "SourceCodePro-Regular.ttf"; sourceTree = "<group>"; };
		C94D338216BF3A5300E6D34B /* NSString+characterSwaps.h */ = {isa = PBXFileReference; fileEncoding = 4; lastKnownFileType = sourcecode.c.h; path = "NSString+characterSwaps.h"; sourceTree = "<group>"; };
		C94D338316BF3A5300E6D34B /* NSString+characterSwaps.m */ = {isa = PBXFileReference; fileEncoding = 4; lastKnownFileType = sourcecode.c.objc; path = "NSString+characterSwaps.m"; sourceTree = "<group>"; };
		C94DFC5816288D0B002AD5CD /* PCDAboutViewController.h */ = {isa = PBXFileReference; fileEncoding = 4; lastKnownFileType = sourcecode.c.h; path = PCDAboutViewController.h; sourceTree = "<group>"; };
		C94DFC5916288D0B002AD5CD /* PCDAboutViewController.m */ = {isa = PBXFileReference; fileEncoding = 4; lastKnownFileType = sourcecode.c.objc; path = PCDAboutViewController.m; sourceTree = "<group>"; };
		C94DFD34162BAC59002AD5CD /* en */ = {isa = PBXFileReference; lastKnownFileType = text.plist.strings; name = en; path = en.lproj/Localizable.strings; sourceTree = "<group>"; };
		C94DFD37162BAC5E002AD5CD /* fr */ = {isa = PBXFileReference; lastKnownFileType = text.plist.strings; name = fr; path = fr.lproj/Localizable.strings; sourceTree = "<group>"; };
		C95FDEDF15D232D5006FE035 /* Passcode.app */ = {isa = PBXFileReference; explicitFileType = wrapper.application; includeInIndex = 0; path = Passcode.app; sourceTree = BUILT_PRODUCTS_DIR; };
		C95FDEE315D232D5006FE035 /* UIKit.framework */ = {isa = PBXFileReference; lastKnownFileType = wrapper.framework; name = UIKit.framework; path = System/Library/Frameworks/UIKit.framework; sourceTree = SDKROOT; };
		C95FDEE515D232D5006FE035 /* Foundation.framework */ = {isa = PBXFileReference; lastKnownFileType = wrapper.framework; name = Foundation.framework; path = System/Library/Frameworks/Foundation.framework; sourceTree = SDKROOT; };
		C95FDEE715D232D5006FE035 /* CoreGraphics.framework */ = {isa = PBXFileReference; lastKnownFileType = wrapper.framework; name = CoreGraphics.framework; path = System/Library/Frameworks/CoreGraphics.framework; sourceTree = SDKROOT; };
		C95FDEEF15D232D5006FE035 /* main.m */ = {isa = PBXFileReference; lastKnownFileType = sourcecode.c.objc; path = main.m; sourceTree = "<group>"; };
		C95FDEF115D232D5006FE035 /* Passcode-Prefix.pch */ = {isa = PBXFileReference; lastKnownFileType = sourcecode.c.h; path = "Passcode-Prefix.pch"; sourceTree = "<group>"; };
		C95FDEF215D232D5006FE035 /* PCDAppDelegate.h */ = {isa = PBXFileReference; lastKnownFileType = sourcecode.c.h; path = PCDAppDelegate.h; sourceTree = "<group>"; };
		C95FDEF315D232D5006FE035 /* PCDAppDelegate.m */ = {isa = PBXFileReference; lastKnownFileType = sourcecode.c.objc; path = PCDAppDelegate.m; sourceTree = "<group>"; };
		C95FDEF515D232D5006FE035 /* PCDViewController.h */ = {isa = PBXFileReference; lastKnownFileType = sourcecode.c.h; path = PCDViewController.h; sourceTree = "<group>"; };
		C95FDEF615D232D5006FE035 /* PCDViewController.m */ = {isa = PBXFileReference; lastKnownFileType = sourcecode.c.objc; path = PCDViewController.m; sourceTree = "<group>"; };
		C96165AE16A1298600532B61 /* UITextField+Selections.h */ = {isa = PBXFileReference; fileEncoding = 4; lastKnownFileType = sourcecode.c.h; path = "UITextField+Selections.h"; sourceTree = "<group>"; };
		C96165AF16A1298600532B61 /* UITextField+Selections.m */ = {isa = PBXFileReference; fileEncoding = 4; lastKnownFileType = sourcecode.c.objc; path = "UITextField+Selections.m"; sourceTree = "<group>"; };
		C96165B116A169F100532B61 /* NSString+sha256.h */ = {isa = PBXFileReference; fileEncoding = 4; lastKnownFileType = sourcecode.c.h; path = "NSString+sha256.h"; sourceTree = "<group>"; };
		C96165B216A169F100532B61 /* NSString+sha256.m */ = {isa = PBXFileReference; fileEncoding = 4; lastKnownFileType = sourcecode.c.objc; path = "NSString+sha256.m"; sourceTree = "<group>"; };
		C96BB5A016A7CA5600E5EEEC /* de */ = {isa = PBXFileReference; lastKnownFileType = text.plist.strings; name = de; path = de.lproj/Localizable.strings; sourceTree = "<group>"; };
		C96BB5A716A7CB2000E5EEEC /* InfoPlist.strings */ = {isa = PBXFileReference; fileEncoding = 4; lastKnownFileType = text.plist.strings; path = InfoPlist.strings; sourceTree = "<group>"; };
		C96BB5AA16A7CB6100E5EEEC /* es */ = {isa = PBXFileReference; lastKnownFileType = text.plist.strings; name = es; path = es.lproj/Localizable.strings; sourceTree = "<group>"; };
		C96BB5AB16A7CB6500E5EEEC /* it */ = {isa = PBXFileReference; lastKnownFileType = text.plist.strings; name = it; path = it.lproj/Localizable.strings; sourceTree = "<group>"; };
		C96BB5AC16A7CB6A00E5EEEC /* da */ = {isa = PBXFileReference; lastKnownFileType = text.plist.strings; name = da; path = da.lproj/Localizable.strings; sourceTree = "<group>"; };
		C96BB5AD16A7CB6F00E5EEEC /* nl */ = {isa = PBXFileReference; lastKnownFileType = text.plist.strings; name = nl; path = nl.lproj/Localizable.strings; sourceTree = "<group>"; };
		C96BB5AE16A7CB8000E5EEEC /* sv */ = {isa = PBXFileReference; lastKnownFileType = text.plist.strings; name = sv; path = sv.lproj/Localizable.strings; sourceTree = "<group>"; };
		C96BB5AF16A7CB8300E5EEEC /* pt */ = {isa = PBXFileReference; lastKnownFileType = text.plist.strings; name = pt; path = pt.lproj/Localizable.strings; sourceTree = "<group>"; };
		C96BB5B016A7CB8C00E5EEEC /* pl */ = {isa = PBXFileReference; lastKnownFileType = text.plist.strings; name = pl; path = pl.lproj/Localizable.strings; sourceTree = "<group>"; };
		C96BB61D16A9047B00E5EEEC /* PCDViewController_iPad.xib */ = {isa = PBXFileReference; fileEncoding = 4; lastKnownFileType = file.xib; path = PCDViewController_iPad.xib; sourceTree = "<group>"; };
		C96BB62016A904CF00E5EEEC /* PCDViewController.xib */ = {isa = PBXFileReference; fileEncoding = 4; lastKnownFileType = file.xib; path = PCDViewController.xib; sourceTree = "<group>"; };
		C96E7AE2175287C900E65921 /* MTZFarPanGestureRecognizer.h */ = {isa = PBXFileReference; fileEncoding = 4; lastKnownFileType = sourcecode.c.h; path = MTZFarPanGestureRecognizer.h; sourceTree = "<group>"; };
		C96E7AE3175287C900E65921 /* MTZFarPanGestureRecognizer.m */ = {isa = PBXFileReference; fileEncoding = 4; lastKnownFileType = sourcecode.c.objc; path = MTZFarPanGestureRecognizer.m; sourceTree = "<group>"; };
		C978AE29190FF92A00E4ECF8 /* NSMutableArray+MTZRemove.h */ = {isa = PBXFileReference; fileEncoding = 4; lastKnownFileType = sourcecode.c.h; path = "NSMutableArray+MTZRemove.h"; sourceTree = "<group>"; };
		C978AE2A190FF92A00E4ECF8 /* NSMutableArray+MTZRemove.m */ = {isa = PBXFileReference; fileEncoding = 4; lastKnownFileType = sourcecode.c.objc; path = "NSMutableArray+MTZRemove.m"; sourceTree = "<group>"; };
		C978AE2C190FF93500E4ECF8 /* UIView+UIViewAutoresizingAdditions.h */ = {isa = PBXFileReference; fileEncoding = 4; lastKnownFileType = sourcecode.c.h; path = "UIView+UIViewAutoresizingAdditions.h"; sourceTree = "<group>"; };
		C978AE2D190FF93500E4ECF8 /* UIView+UIViewAutoresizingAdditions.m */ = {isa = PBXFileReference; fileEncoding = 4; lastKnownFileType = sourcecode.c.objc; path = "UIView+UIViewAutoresizingAdditions.m"; sourceTree = "<group>"; };
		C98347551906FCEA00892080 /* NSURL+DomainName.h */ = {isa = PBXFileReference; fileEncoding = 4; lastKnownFileType = sourcecode.c.h; path = "NSURL+DomainName.h"; sourceTree = "<group>"; };
		C98347561906FCEA00892080 /* NSURL+DomainName.m */ = {isa = PBXFileReference; fileEncoding = 4; lastKnownFileType = sourcecode.c.objc; path = "NSURL+DomainName.m"; sourceTree = "<group>"; };
		C984F4E517542EA200172F9F /* PCDPasscodeGenerator.h */ = {isa = PBXFileReference; fileEncoding = 4; lastKnownFileType = sourcecode.c.h; path = PCDPasscodeGenerator.h; sourceTree = "<group>"; };
		C984F4E617542EA200172F9F /* PCDPasscodeGenerator.m */ = {isa = PBXFileReference; fileEncoding = 4; lastKnownFileType = sourcecode.c.objc; path = PCDPasscodeGenerator.m; sourceTree = "<group>"; };
		C98A5F6F186AA4A0004EDC76 /* MTZTextField.h */ = {isa = PBXFileReference; fileEncoding = 4; lastKnownFileType = sourcecode.c.h; path = MTZTextField.h; sourceTree = "<group>"; };
		C98A5F70186AA4A0004EDC76 /* MTZTextField.m */ = {isa = PBXFileReference; fileEncoding = 4; lastKnownFileType = sourcecode.c.objc; path = MTZTextField.m; sourceTree = "<group>"; };
		C9AC9A401631096000EFFD43 /* PDKeychainBindings.h */ = {isa = PBXFileReference; fileEncoding = 4; lastKnownFileType = sourcecode.c.h; path = PDKeychainBindings.h; sourceTree = "<group>"; };
		C9AC9A411631096000EFFD43 /* PDKeychainBindings.m */ = {isa = PBXFileReference; fileEncoding = 4; lastKnownFileType = sourcecode.c.objc; path = PDKeychainBindings.m; sourceTree = "<group>"; };
		C9AC9A421631096000EFFD43 /* PDKeychainBindingsController.h */ = {isa = PBXFileReference; fileEncoding = 4; lastKnownFileType = sourcecode.c.h; path = PDKeychainBindingsController.h; sourceTree = "<group>"; };
		C9AC9A431631096000EFFD43 /* PDKeychainBindingsController.m */ = {isa = PBXFileReference; fileEncoding = 4; lastKnownFileType = sourcecode.c.objc; path = PDKeychainBindingsController.m; sourceTree = "<group>"; };
		C9AC9A46163109BF00EFFD43 /* Security.framework */ = {isa = PBXFileReference; lastKnownFileType = wrapper.framework; name = Security.framework; path = System/Library/Frameworks/Security.framework; sourceTree = SDKROOT; };
		C9BAC3DB191DBB3E00EA7728 /* MTZButton.h */ = {isa = PBXFileReference; fileEncoding = 4; lastKnownFileType = sourcecode.c.h; path = MTZButton.h; sourceTree = "<group>"; };
		C9BAC3DC191DBB3E00EA7728 /* MTZButton.m */ = {isa = PBXFileReference; fileEncoding = 4; lastKnownFileType = sourcecode.c.objc; path = MTZButton.m; sourceTree = "<group>"; };
		C9BBC1F315DA10B600E16FBB /* MTZAppearView.h */ = {isa = PBXFileReference; fileEncoding = 4; lastKnownFileType = sourcecode.c.h; name = MTZAppearView.h; path = Passcode/MTZAppearView.h; sourceTree = "<group>"; };
		C9BBC1F415DA10B600E16FBB /* MTZAppearView.m */ = {isa = PBXFileReference; fileEncoding = 4; lastKnownFileType = sourcecode.c.objc; name = MTZAppearView.m; path = Passcode/MTZAppearView.m; sourceTree = "<group>"; };
		C9BBC1F715DA4E4000E16FBB /* QuartzCore.framework */ = {isa = PBXFileReference; lastKnownFileType = wrapper.framework; name = QuartzCore.framework; path = System/Library/Frameworks/QuartzCore.framework; sourceTree = SDKROOT; };
		C9BBC21115DEE81C00E16FBB /* Settings.bundle */ = {isa = PBXFileReference; lastKnownFileType = "wrapper.plug-in"; path = Settings.bundle; sourceTree = "<group>"; };
		C9C182E817F0B5DD005AF9A3 /* Images.xcassets */ = {isa = PBXFileReference; lastKnownFileType = folder.assetcatalog; path = Images.xcassets; sourceTree = "<group>"; };
		C9C26963164989CB00B35DFA /* libKIF.a */ = {isa = PBXFileReference; lastKnownFileType = archive.ar; name = libKIF.a; path = "Frameworks/KIF/build/Release-iphoneos/libKIF.a"; sourceTree = "<group>"; };
		C9D0F503173C886800AC055D /* FAQs.plist */ = {isa = PBXFileReference; fileEncoding = 4; lastKnownFileType = text.plist.xml; path = FAQs.plist; sourceTree = SOURCE_ROOT; };
		C9D1BA8F164885B9009A5DBA /* MessageUI.framework */ = {isa = PBXFileReference; lastKnownFileType = wrapper.framework; name = MessageUI.framework; path = System/Library/Frameworks/MessageUI.framework; sourceTree = SDKROOT; };
		C9DE4111187242DD006FD776 /* PCDFAQViewController.h */ = {isa = PBXFileReference; fileEncoding = 4; lastKnownFileType = sourcecode.c.h; path = PCDFAQViewController.h; sourceTree = "<group>"; };
		C9DE4112187242DD006FD776 /* PCDFAQViewController.m */ = {isa = PBXFileReference; fileEncoding = 4; lastKnownFileType = sourcecode.c.objc; path = PCDFAQViewController.m; sourceTree = "<group>"; };
		C9DE415718729D63006FD776 /* PCDFAQViewController.storyboard */ = {isa = PBXFileReference; fileEncoding = 4; lastKnownFileType = file.storyboard; path = PCDFAQViewController.storyboard; sourceTree = "<group>"; };
		C9DE419D1872A6E5006FD776 /* PCDFAQCell.h */ = {isa = PBXFileReference; fileEncoding = 4; lastKnownFileType = sourcecode.c.h; path = PCDFAQCell.h; sourceTree = "<group>"; };
		C9DE419E1872A6E5006FD776 /* PCDFAQCell.m */ = {isa = PBXFileReference; fileEncoding = 4; lastKnownFileType = sourcecode.c.objc; path = PCDFAQCell.m; sourceTree = "<group>"; };
		C9EED9E118692F17008973E2 /* StoreKit.framework */ = {isa = PBXFileReference; lastKnownFileType = wrapper.framework; name = StoreKit.framework; path = System/Library/Frameworks/StoreKit.framework; sourceTree = SDKROOT; };
		C9F25B8118760A3700B84A4F /* PCDRestrictionsViewController.h */ = {isa = PBXFileReference; fileEncoding = 4; lastKnownFileType = sourcecode.c.h; path = PCDRestrictionsViewController.h; sourceTree = "<group>"; };
		C9F25B8218760A3700B84A4F /* PCDRestrictionsViewController.m */ = {isa = PBXFileReference; fileEncoding = 4; lastKnownFileType = sourcecode.c.objc; path = PCDRestrictionsViewController.m; sourceTree = "<group>"; };
		C9F5E95E187F9612005A7FEC /* MTZMacros.h */ = {isa = PBXFileReference; fileEncoding = 4; lastKnownFileType = sourcecode.c.h; path = MTZMacros.h; sourceTree = "<group>"; };
		C9F5E961187F98EB005A7FEC /* NSString+Repeated.h */ = {isa = PBXFileReference; fileEncoding = 4; lastKnownFileType = sourcecode.c.h; path = "NSString+Repeated.h"; sourceTree = "<group>"; };
		C9F5E962187F98EB005A7FEC /* NSString+Repeated.m */ = {isa = PBXFileReference; fileEncoding = 4; lastKnownFileType = sourcecode.c.objc; path = "NSString+Repeated.m"; sourceTree = "<group>"; };
/* End PBXFileReference section */

/* Begin PBXFrameworksBuildPhase section */
		C91E07F1191E0EB80027981C /* Frameworks */ = {
			isa = PBXFrameworksBuildPhase;
			buildActionMask = 2147483647;
			files = (
				C91E07F6191E0EB80027981C /* XCTest.framework in Frameworks */,
				C91E07F8191E0EB80027981C /* UIKit.framework in Frameworks */,
				C91E07F7191E0EB80027981C /* Foundation.framework in Frameworks */,
			);
			runOnlyForDeploymentPostprocessing = 0;
		};
		C95FDEDC15D232D5006FE035 /* Frameworks */ = {
			isa = PBXFrameworksBuildPhase;
			buildActionMask = 2147483647;
			files = (
				C9EED9E218692F17008973E2 /* StoreKit.framework in Frameworks */,
				C9D1BA90164885B9009A5DBA /* MessageUI.framework in Frameworks */,
				C9AC9A47163109BF00EFFD43 /* Security.framework in Frameworks */,
				C9BBC1F815DA4E4000E16FBB /* QuartzCore.framework in Frameworks */,
				C95FDEE415D232D5006FE035 /* UIKit.framework in Frameworks */,
				C95FDEE615D232D5006FE035 /* Foundation.framework in Frameworks */,
				C95FDEE815D232D5006FE035 /* CoreGraphics.framework in Frameworks */,
			);
			runOnlyForDeploymentPostprocessing = 0;
		};
/* End PBXFrameworksBuildPhase section */

/* Begin PBXGroup section */
		C91542C115D9C535000EE537 /* About */ = {
			isa = PBXGroup;
			children = (
				C94DFC5816288D0B002AD5CD /* PCDAboutViewController.h */,
				C94DFC5916288D0B002AD5CD /* PCDAboutViewController.m */,
				C94BA7071874B7CF0075F84A /* PCDAboutViewController.storyboard */,
			);
			name = About;
			sourceTree = "<group>";
		};
		C91E07F9191E0EB80027981C /* Passcode Tests */ = {
			isa = PBXGroup;
			children = (
				C91E07FF191E0EB80027981C /* Passcode_Tests.m */,
				C91E07ED191E0E560027981C /* PCDDomainName.m */,
				C91E07FA191E0EB80027981C /* Supporting Files */,
			);
			path = "Passcode Tests";
			sourceTree = "<group>";
		};
		C91E07FA191E0EB80027981C /* Supporting Files */ = {
			isa = PBXGroup;
			children = (
				C91E07FB191E0EB80027981C /* Passcode Tests-Info.plist */,
				C91E07FC191E0EB80027981C /* InfoPlist.strings */,
				C91E0801191E0EB80027981C /* Passcode Tests-Prefix.pch */,
			);
			name = "Supporting Files";
			sourceTree = "<group>";
		};
		C91E0899192451190027981C /* Categories */ = {
			isa = PBXGroup;
			children = (
				C978AE29190FF92A00E4ECF8 /* NSMutableArray+MTZRemove.h */,
				C978AE2A190FF92A00E4ECF8 /* NSMutableArray+MTZRemove.m */,
				C94D338216BF3A5300E6D34B /* NSString+characterSwaps.h */,
				C94D338316BF3A5300E6D34B /* NSString+characterSwaps.m */,
				C9F5E961187F98EB005A7FEC /* NSString+Repeated.h */,
				C9F5E962187F98EB005A7FEC /* NSString+Repeated.m */,
				C96165B116A169F100532B61 /* NSString+sha256.h */,
				C96165B216A169F100532B61 /* NSString+sha256.m */,
				C98347551906FCEA00892080 /* NSURL+DomainName.h */,
				C98347561906FCEA00892080 /* NSURL+DomainName.m */,
				C91E08931922BA710027981C /* UIColor+AppColor.h */,
				C91E08941922BA710027981C /* UIColor+AppColor.m */,
				C96165AE16A1298600532B61 /* UITextField+Selections.h */,
				C96165AF16A1298600532B61 /* UITextField+Selections.m */,
				C978AE2C190FF93500E4ECF8 /* UIView+UIViewAutoresizingAdditions.h */,
				C978AE2D190FF93500E4ECF8 /* UIView+UIViewAutoresizingAdditions.m */,
			);
			name = Categories;
			sourceTree = "<group>";
		};
		C91E089A1924517A0027981C /* Misc. Classes */ = {
			isa = PBXGroup;
			children = (
				C9BBC1F615DA10B900E16FBB /* Appear View */,
				C9BAC3DB191DBB3E00EA7728 /* MTZButton.h */,
				C9BAC3DC191DBB3E00EA7728 /* MTZButton.m */,
				C96E7AE2175287C900E65921 /* MTZFarPanGestureRecognizer.h */,
				C96E7AE3175287C900E65921 /* MTZFarPanGestureRecognizer.m */,
				C98A5F6F186AA4A0004EDC76 /* MTZTextField.h */,
				C98A5F70186AA4A0004EDC76 /* MTZTextField.m */,
				C9AC9A4E16310FC500EFFD43 /* PDKeychainBindingsController */,
				C94C7C96172D7D6500A3D19E /* Slide to Reveal */,
			);
			name = "Misc. Classes";
			sourceTree = "<group>";
		};
		C94C7C96172D7D6500A3D19E /* Slide to Reveal */ = {
			isa = PBXGroup;
			children = (
				C94C7C92172D7D6200A3D19E /* MTZSlideToReveal.h */,
				C94C7C93172D7D6200A3D19E /* MTZSlideToReveal.m */,
				C94C7CA3172DBAC800A3D19E /* SourceCodePro-Medium.ttf */,
				C94C7CA4172DBAC800A3D19E /* SourceCodePro-Regular.ttf */,
			);
			name = "Slide to Reveal";
			sourceTree = "<group>";
		};
		C95FDED415D232D5006FE035 = {
			isa = PBXGroup;
			children = (
				C95FDEE915D232D5006FE035 /* Passcode */,
				C91E07F9191E0EB80027981C /* Passcode Tests */,
				C95FDEE215D232D5006FE035 /* Frameworks */,
				C95FDEE015D232D5006FE035 /* Products */,
			);
			sourceTree = "<group>";
		};
		C95FDEE015D232D5006FE035 /* Products */ = {
			isa = PBXGroup;
			children = (
				C95FDEDF15D232D5006FE035 /* Passcode.app */,
				C91E07F4191E0EB80027981C /* Passcode Tests.xctest */,
			);
			name = Products;
			sourceTree = "<group>";
		};
		C95FDEE215D232D5006FE035 /* Frameworks */ = {
			isa = PBXGroup;
			children = (
				C9EED9E118692F17008973E2 /* StoreKit.framework */,
				C9C26963164989CB00B35DFA /* libKIF.a */,
				C9D1BA8F164885B9009A5DBA /* MessageUI.framework */,
				C9AC9A46163109BF00EFFD43 /* Security.framework */,
				C9BBC1F715DA4E4000E16FBB /* QuartzCore.framework */,
				C95FDEE315D232D5006FE035 /* UIKit.framework */,
				C95FDEE515D232D5006FE035 /* Foundation.framework */,
				C95FDEE715D232D5006FE035 /* CoreGraphics.framework */,
				C91E07F5191E0EB80027981C /* XCTest.framework */,
			);
			name = Frameworks;
			sourceTree = "<group>";
		};
		C95FDEE915D232D5006FE035 /* Passcode */ = {
			isa = PBXGroup;
			children = (
				C95FDEF215D232D5006FE035 /* PCDAppDelegate.h */,
				C95FDEF315D232D5006FE035 /* PCDAppDelegate.m */,
				C984F4E517542EA200172F9F /* PCDPasscodeGenerator.h */,
				C984F4E617542EA200172F9F /* PCDPasscodeGenerator.m */,
				C95FDEF515D232D5006FE035 /* PCDViewController.h */,
				C95FDEF615D232D5006FE035 /* PCDViewController.m */,
				C96BB62016A904CF00E5EEEC /* PCDViewController.xib */,
				C96BB61D16A9047B00E5EEEC /* PCDViewController_iPad.xib */,
				C9F5E95E187F9612005A7FEC /* MTZMacros.h */,
				C91542C115D9C535000EE537 /* About */,
				C9F25B8418760CE000B84A4F /* Restrictions */,
				C9D0F4C2173AC26600AC055D /* FAQ */,
				C91E0899192451190027981C /* Categories */,
				C91E089A1924517A0027981C /* Misc. Classes */,
				C9C182E817F0B5DD005AF9A3 /* Images.xcassets */,
				C95FDEEA15D232D5006FE035 /* Supporting Files */,
			);
			path = Passcode;
			sourceTree = "<group>";
		};
		C95FDEEA15D232D5006FE035 /* Supporting Files */ = {
			isa = PBXGroup;
			children = (
				C9286B0E16B6E552008E6652 /* Passcode-Info.plist */,
				C9BBC21115DEE81C00E16FBB /* Settings.bundle */,
				C96BB5A716A7CB2000E5EEEC /* InfoPlist.strings */,
				C94DFD33162BAC59002AD5CD /* Localizable.strings */,
				C95FDEEF15D232D5006FE035 /* main.m */,
				C95FDEF115D232D5006FE035 /* Passcode-Prefix.pch */,
			);
			name = "Supporting Files";
			sourceTree = "<group>";
		};
		C9AC9A4E16310FC500EFFD43 /* PDKeychainBindingsController */ = {
			isa = PBXGroup;
			children = (
				C9AC9A401631096000EFFD43 /* PDKeychainBindings.h */,
				C9AC9A411631096000EFFD43 /* PDKeychainBindings.m */,
				C9AC9A421631096000EFFD43 /* PDKeychainBindingsController.h */,
				C9AC9A431631096000EFFD43 /* PDKeychainBindingsController.m */,
			);
			name = PDKeychainBindingsController;
			sourceTree = "<group>";
		};
		C9BBC1F615DA10B900E16FBB /* Appear View */ = {
			isa = PBXGroup;
			children = (
				C9BBC1F315DA10B600E16FBB /* MTZAppearView.h */,
				C9BBC1F415DA10B600E16FBB /* MTZAppearView.m */,
				C926216B17D29B5A0095AE1C /* MTZAppearWindow.h */,
				C926216C17D29B5A0095AE1C /* MTZAppearWindow.m */,
			);
			name = "Appear View";
			path = ..;
			sourceTree = "<group>";
		};
		C9D0F4C2173AC26600AC055D /* FAQ */ = {
			isa = PBXGroup;
			children = (
				C9D0F503173C886800AC055D /* FAQs.plist */,
				C9DE4111187242DD006FD776 /* PCDFAQViewController.h */,
				C9DE4112187242DD006FD776 /* PCDFAQViewController.m */,
				C9DE415718729D63006FD776 /* PCDFAQViewController.storyboard */,
				C9DE419D1872A6E5006FD776 /* PCDFAQCell.h */,
				C9DE419E1872A6E5006FD776 /* PCDFAQCell.m */,
			);
			name = FAQ;
			sourceTree = "<group>";
		};
		C9F25B8418760CE000B84A4F /* Restrictions */ = {
			isa = PBXGroup;
			children = (
				C9F25B8118760A3700B84A4F /* PCDRestrictionsViewController.h */,
				C9F25B8218760A3700B84A4F /* PCDRestrictionsViewController.m */,
			);
			name = Restrictions;
			sourceTree = "<group>";
		};
/* End PBXGroup section */

/* Begin PBXNativeTarget section */
		C91E07F3191E0EB80027981C /* Passcode Tests */ = {
			isa = PBXNativeTarget;
			buildConfigurationList = C91E0804191E0EB80027981C /* Build configuration list for PBXNativeTarget "Passcode Tests" */;
			buildPhases = (
				C91E07F0191E0EB80027981C /* Sources */,
				C91E07F1191E0EB80027981C /* Frameworks */,
				C91E07F2191E0EB80027981C /* Resources */,
			);
			buildRules = (
			);
			dependencies = (
				C91E0803191E0EB80027981C /* PBXTargetDependency */,
			);
			name = "Passcode Tests";
			productName = "Passcode Tests";
			productReference = C91E07F4191E0EB80027981C /* Passcode Tests.xctest */;
			productType = "com.apple.product-type.bundle.unit-test";
		};
		C95FDEDE15D232D5006FE035 /* Passcode */ = {
			isa = PBXNativeTarget;
			buildConfigurationList = C95FDEFD15D232D5006FE035 /* Build configuration list for PBXNativeTarget "Passcode" */;
			buildPhases = (
				C95FDEDB15D232D5006FE035 /* Sources */,
				C95FDEDC15D232D5006FE035 /* Frameworks */,
				C9BAC3DA191D7DD200EA7728 /* Export Sketch Assets */,
				C95FDEDD15D232D5006FE035 /* Resources */,
			);
			buildRules = (
			);
			dependencies = (
			);
			name = Passcode;
			productName = Passcode;
			productReference = C95FDEDF15D232D5006FE035 /* Passcode.app */;
			productType = "com.apple.product-type.application";
		};
/* End PBXNativeTarget section */

/* Begin PBXProject section */
		C95FDED615D232D5006FE035 /* Project object */ = {
			isa = PBXProject;
			attributes = {
				CLASSPREFIX = PC;
				LastUpgradeCheck = 0500;
				ORGANIZATIONNAME = "Matt Zanchelli";
				TargetAttributes = {
					C91E07F3191E0EB80027981C = {
						TestTargetID = C95FDEDE15D232D5006FE035;
					};
					C95FDEDE15D232D5006FE035 = {
						DevelopmentTeam = 3SZ7MS7NXC;
						SystemCapabilities = {
							com.apple.InAppPurchase = {
								enabled = 0;
							};
						};
					};
				};
			};
			buildConfigurationList = C95FDED915D232D5006FE035 /* Build configuration list for PBXProject "Passcode" */;
			compatibilityVersion = "Xcode 3.2";
			developmentRegion = English;
			hasScannedForEncodings = 0;
			knownRegions = (
				en,
				es,
				fr,
				de,
				it,
				da,
				nl,
				sv,
				pt,
				pl,
			);
			mainGroup = C95FDED415D232D5006FE035;
			productRefGroup = C95FDEE015D232D5006FE035 /* Products */;
			projectDirPath = "";
			projectRoot = "";
			targets = (
				C95FDEDE15D232D5006FE035 /* Passcode */,
				C91E07F3191E0EB80027981C /* Passcode Tests */,
			);
		};
/* End PBXProject section */

/* Begin PBXResourcesBuildPhase section */
		C91E07F2191E0EB80027981C /* Resources */ = {
			isa = PBXResourcesBuildPhase;
			buildActionMask = 2147483647;
			files = (
				C91E07FE191E0EB80027981C /* InfoPlist.strings in Resources */,
			);
			runOnlyForDeploymentPostprocessing = 0;
		};
		C95FDEDD15D232D5006FE035 /* Resources */ = {
			isa = PBXResourcesBuildPhase;
			buildActionMask = 2147483647;
			files = (
				C9BBC21215DEE81C00E16FBB /* Settings.bundle in Resources */,
				C94DFD35162BAC59002AD5CD /* Localizable.strings in Resources */,
				C96BB5A816A7CB2000E5EEEC /* InfoPlist.strings in Resources */,
				C94BA7081874B7CF0075F84A /* PCDAboutViewController.storyboard in Resources */,
				C9DE415818729D63006FD776 /* PCDFAQViewController.storyboard in Resources */,
				C96BB61E16A9047B00E5EEEC /* PCDViewController_iPad.xib in Resources */,
				C96BB62116A904CF00E5EEEC /* PCDViewController.xib in Resources */,
				C94C7CA5172DBAC800A3D19E /* SourceCodePro-Medium.ttf in Resources */,
				C94C7CA7172DBAC800A3D19E /* SourceCodePro-Regular.ttf in Resources */,
				C9C182E917F0B5DD005AF9A3 /* Images.xcassets in Resources */,
				C9D0F504173C886800AC055D /* FAQs.plist in Resources */,
			);
			runOnlyForDeploymentPostprocessing = 0;
		};
/* End PBXResourcesBuildPhase section */

/* Begin PBXShellScriptBuildPhase section */
		C9BAC3DA191D7DD200EA7728 /* Export Sketch Assets */ = {
			isa = PBXShellScriptBuildPhase;
			buildActionMask = 2147483647;
			files = (
			);
			inputPaths = (
			);
			name = "Export Sketch Assets";
			outputPaths = (
			);
			runOnlyForDeploymentPostprocessing = 0;
			shellPath = /bin/sh;
			shellScript = "# AppIcon\nsketchtool export artboards \"$PROJECT_DIR\"/\"Graphics Resources/AppIcon.sketch\" --output=\"$PROJECT_DIR\"/\"$PROJECT_NAME\"/Images.xcassets/AppIcon.appiconset --formats=\"png\"\n\n# Copied\nsketchtool export slices \"$PROJECT_DIR\"/\"Graphics Resources/Copied.sketch\" --output=\"$PROJECT_DIR\"/\"$PROJECT_NAME\"/Images.xcassets/Copied.imageset --formats=\"png\" --scales=\"1x,2x\"";
		};
/* End PBXShellScriptBuildPhase section */

/* Begin PBXSourcesBuildPhase section */
		C91E07F0191E0EB80027981C /* Sources */ = {
			isa = PBXSourcesBuildPhase;
			buildActionMask = 2147483647;
			files = (
				C91E0807191E0EBF0027981C /* PCDDomainName.m in Sources */,
				C91E0800191E0EB80027981C /* Passcode_Tests.m in Sources */,
			);
			runOnlyForDeploymentPostprocessing = 0;
		};
		C95FDEDB15D232D5006FE035 /* Sources */ = {
			isa = PBXSourcesBuildPhase;
			buildActionMask = 2147483647;
			files = (
				C926216D17D29B5A0095AE1C /* MTZAppearWindow.m in Sources */,
				C9F25B8318760A3700B84A4F /* PCDRestrictionsViewController.m in Sources */,
				C95FDEF015D232D5006FE035 /* main.m in Sources */,
				C95FDEF415D232D5006FE035 /* PCDAppDelegate.m in Sources */,
				C95FDEF715D232D5006FE035 /* PCDViewController.m in Sources */,
				C9BBC1F515DA10B600E16FBB /* MTZAppearView.m in Sources */,
				C94DFC5B16288D0B002AD5CD /* PCDAboutViewController.m in Sources */,
				C978AE2E190FF93500E4ECF8 /* UIView+UIViewAutoresizingAdditions.m in Sources */,
				C9AC9A441631096000EFFD43 /* PDKeychainBindings.m in Sources */,
				C9AC9A451631096000EFFD43 /* PDKeychainBindingsController.m in Sources */,
				C96165B316A169F200532B61 /* NSString+sha256.m in Sources */,
				C9DE419F1872A6E5006FD776 /* PCDFAQCell.m in Sources */,
				C9F5E963187F98EB005A7FEC /* NSString+Repeated.m in Sources */,
				C91E08951922BA710027981C /* UIColor+AppColor.m in Sources */,
				C98347571906FCEA00892080 /* NSURL+DomainName.m in Sources */,
				C96165B016A1298600532B61 /* UITextField+Selections.m in Sources */,
				C9DE4114187242DD006FD776 /* PCDFAQViewController.m in Sources */,
				C978AE2B190FF92A00E4ECF8 /* NSMutableArray+MTZRemove.m in Sources */,
				C94D338416BF3A5300E6D34B /* NSString+characterSwaps.m in Sources */,
				C94C7C94172D7D6200A3D19E /* MTZSlideToReveal.m in Sources */,
				C96E7AE4175287C900E65921 /* MTZFarPanGestureRecognizer.m in Sources */,
				C9BAC3DD191DBB3E00EA7728 /* MTZButton.m in Sources */,
				C98A5F71186AA4A0004EDC76 /* MTZTextField.m in Sources */,
				C984F4E717542EA200172F9F /* PCDPasscodeGenerator.m in Sources */,
			);
			runOnlyForDeploymentPostprocessing = 0;
		};
/* End PBXSourcesBuildPhase section */

/* Begin PBXTargetDependency section */
		C91E0803191E0EB80027981C /* PBXTargetDependency */ = {
			isa = PBXTargetDependency;
			target = C95FDEDE15D232D5006FE035 /* Passcode */;
			targetProxy = C91E0802191E0EB80027981C /* PBXContainerItemProxy */;
		};
/* End PBXTargetDependency section */

/* Begin PBXVariantGroup section */
		C91E07FC191E0EB80027981C /* InfoPlist.strings */ = {
			isa = PBXVariantGroup;
			children = (
				C91E07FD191E0EB80027981C /* en */,
			);
			name = InfoPlist.strings;
			sourceTree = "<group>";
		};
		C94DFD33162BAC59002AD5CD /* Localizable.strings */ = {
			isa = PBXVariantGroup;
			children = (
				C94DFD34162BAC59002AD5CD /* en */,
				C94DFD37162BAC5E002AD5CD /* fr */,
				C96BB5A016A7CA5600E5EEEC /* de */,
				C96BB5AA16A7CB6100E5EEEC /* es */,
				C96BB5AB16A7CB6500E5EEEC /* it */,
				C96BB5AC16A7CB6A00E5EEEC /* da */,
				C96BB5AD16A7CB6F00E5EEEC /* nl */,
				C96BB5AE16A7CB8000E5EEEC /* sv */,
				C96BB5AF16A7CB8300E5EEEC /* pt */,
				C96BB5B016A7CB8C00E5EEEC /* pl */,
			);
			name = Localizable.strings;
			sourceTree = "<group>";
		};
/* End PBXVariantGroup section */

/* Begin XCBuildConfiguration section */
		C91E0805191E0EB80027981C /* Debug */ = {
			isa = XCBuildConfiguration;
			buildSettings = {
				BUNDLE_LOADER = "$(BUILT_PRODUCTS_DIR)/Passcode.app/Passcode";
				CLANG_ENABLE_MODULES = YES;
				CLANG_WARN_BOOL_CONVERSION = YES;
				CLANG_WARN_CONSTANT_CONVERSION = YES;
				CLANG_WARN_DIRECT_OBJC_ISA_USAGE = YES_ERROR;
				CLANG_WARN_EMPTY_BODY = YES;
				CLANG_WARN_ENUM_CONVERSION = YES;
				CLANG_WARN_INT_CONVERSION = YES;
				CLANG_WARN_OBJC_ROOT_CLASS = YES_ERROR;
				FRAMEWORK_SEARCH_PATHS = (
					"$(SDKROOT)/Developer/Library/Frameworks",
					"$(inherited)",
					"$(DEVELOPER_FRAMEWORKS_DIR)",
				);
				GCC_PRECOMPILE_PREFIX_HEADER = YES;
				GCC_PREFIX_HEADER = "Passcode Tests/Passcode Tests-Prefix.pch";
				GCC_PREPROCESSOR_DEFINITIONS = (
					"DEBUG=1",
					"$(inherited)",
				);
				GCC_WARN_64_TO_32_BIT_CONVERSION = YES;
				GCC_WARN_ABOUT_RETURN_TYPE = YES_ERROR;
				GCC_WARN_UNDECLARED_SELECTOR = YES;
				GCC_WARN_UNINITIALIZED_AUTOS = YES_AGGRESSIVE;
				GCC_WARN_UNUSED_FUNCTION = YES;
				INFOPLIST_FILE = "Passcode Tests/Passcode Tests-Info.plist";
				IPHONEOS_DEPLOYMENT_TARGET = 7.1;
				PRODUCT_NAME = "$(TARGET_NAME)";
				TEST_HOST = "$(BUNDLE_LOADER)";
				WRAPPER_EXTENSION = xctest;
			};
			name = Debug;
		};
		C91E0806191E0EB80027981C /* Release */ = {
			isa = XCBuildConfiguration;
			buildSettings = {
				BUNDLE_LOADER = "$(BUILT_PRODUCTS_DIR)/Passcode.app/Passcode";
				CLANG_ENABLE_MODULES = YES;
				CLANG_WARN_BOOL_CONVERSION = YES;
				CLANG_WARN_CONSTANT_CONVERSION = YES;
				CLANG_WARN_DIRECT_OBJC_ISA_USAGE = YES_ERROR;
				CLANG_WARN_EMPTY_BODY = YES;
				CLANG_WARN_ENUM_CONVERSION = YES;
				CLANG_WARN_INT_CONVERSION = YES;
				CLANG_WARN_OBJC_ROOT_CLASS = YES_ERROR;
				ENABLE_NS_ASSERTIONS = NO;
				FRAMEWORK_SEARCH_PATHS = (
					"$(SDKROOT)/Developer/Library/Frameworks",
					"$(inherited)",
					"$(DEVELOPER_FRAMEWORKS_DIR)",
				);
				GCC_PRECOMPILE_PREFIX_HEADER = YES;
				GCC_PREFIX_HEADER = "Passcode Tests/Passcode Tests-Prefix.pch";
				GCC_WARN_64_TO_32_BIT_CONVERSION = YES;
				GCC_WARN_ABOUT_RETURN_TYPE = YES_ERROR;
				GCC_WARN_UNDECLARED_SELECTOR = YES;
				GCC_WARN_UNINITIALIZED_AUTOS = YES_AGGRESSIVE;
				GCC_WARN_UNUSED_FUNCTION = YES;
				INFOPLIST_FILE = "Passcode Tests/Passcode Tests-Info.plist";
				IPHONEOS_DEPLOYMENT_TARGET = 7.1;
				PRODUCT_NAME = "$(TARGET_NAME)";
				TEST_HOST = "$(BUNDLE_LOADER)";
				WRAPPER_EXTENSION = xctest;
			};
			name = Release;
		};
		C95FDEFB15D232D5006FE035 /* Debug */ = {
			isa = XCBuildConfiguration;
			buildSettings = {
				ALWAYS_SEARCH_USER_PATHS = NO;
				CLANG_CXX_LANGUAGE_STANDARD = "gnu++0x";
				CLANG_CXX_LIBRARY = "libc++";
				CLANG_ENABLE_OBJC_ARC = YES;
				CLANG_WARN__DUPLICATE_METHOD_MATCH = YES;
				"CODE_SIGN_IDENTITY[sdk=iphoneos*]" = "iPhone Developer";
				COPY_PHASE_STRIP = NO;
				GCC_C_LANGUAGE_STANDARD = gnu99;
				GCC_DYNAMIC_NO_PIC = NO;
				GCC_OPTIMIZATION_LEVEL = 0;
				GCC_PREPROCESSOR_DEFINITIONS = (
					"DEBUG=1",
					"$(inherited)",
				);
				GCC_SYMBOLS_PRIVATE_EXTERN = NO;
				GCC_WARN_ABOUT_RETURN_TYPE = YES;
				GCC_WARN_UNINITIALIZED_AUTOS = YES;
				GCC_WARN_UNUSED_VARIABLE = YES;
				IPHONEOS_DEPLOYMENT_TARGET = 7.0;
				ONLY_ACTIVE_ARCH = YES;
				SDKROOT = iphoneos;
			};
			name = Debug;
		};
		C95FDEFC15D232D5006FE035 /* Release */ = {
			isa = XCBuildConfiguration;
			buildSettings = {
				ALWAYS_SEARCH_USER_PATHS = NO;
				CLANG_CXX_LANGUAGE_STANDARD = "gnu++0x";
				CLANG_CXX_LIBRARY = "libc++";
				CLANG_ENABLE_OBJC_ARC = YES;
				CLANG_WARN__DUPLICATE_METHOD_MATCH = YES;
				CODE_SIGN_IDENTITY = "iPhone Developer: Matt Zanchelli (TH77NKHW5N)";
				"CODE_SIGN_IDENTITY[sdk=iphoneos*]" = "iPhone Developer";
				COPY_PHASE_STRIP = YES;
				GCC_C_LANGUAGE_STANDARD = gnu99;
				GCC_WARN_ABOUT_RETURN_TYPE = YES;
				GCC_WARN_UNINITIALIZED_AUTOS = YES;
				GCC_WARN_UNUSED_VARIABLE = YES;
				IPHONEOS_DEPLOYMENT_TARGET = 7.0;
				OTHER_CFLAGS = "-DNS_BLOCK_ASSERTIONS=1";
				PROVISIONING_PROFILE = "E74C1706-5850-45B6-99B0-93ADDD385D04";
				SDKROOT = iphoneos;
				VALIDATE_PRODUCT = YES;
			};
			name = Release;
		};
		C95FDEFE15D232D5006FE035 /* Debug */ = {
			isa = XCBuildConfiguration;
			buildSettings = {
				ASSETCATALOG_COMPILER_APPICON_NAME = AppIcon;
				ASSETCATALOG_COMPILER_LAUNCHIMAGE_NAME = LaunchImage;
				CODE_SIGN_IDENTITY = "iPhone Developer";
				"CODE_SIGN_IDENTITY[sdk=iphoneos*]" = "iPhone Developer";
				GCC_PRECOMPILE_PREFIX_HEADER = YES;
				GCC_PREFIX_HEADER = "Passcode/Passcode-Prefix.pch";
				INFOPLIST_FILE = "Passcode/Passcode-Info.plist";
				IPHONEOS_DEPLOYMENT_TARGET = 7.0;
				PRODUCT_NAME = "$(TARGET_NAME)";
				PROVISIONING_PROFILE = "";
				SDKROOT = iphoneos;
				TARGETED_DEVICE_FAMILY = "1,2";
				WRAPPER_EXTENSION = app;
			};
			name = Debug;
		};
		C95FDEFF15D232D5006FE035 /* Release */ = {
			isa = XCBuildConfiguration;
			buildSettings = {
				ASSETCATALOG_COMPILER_APPICON_NAME = AppIcon;
				ASSETCATALOG_COMPILER_LAUNCHIMAGE_NAME = LaunchImage;
				CODE_SIGN_IDENTITY = "iPhone Developer";
				"CODE_SIGN_IDENTITY[sdk=iphoneos*]" = "iPhone Developer";
				GCC_PRECOMPILE_PREFIX_HEADER = YES;
				GCC_PREFIX_HEADER = "Passcode/Passcode-Prefix.pch";
				INFOPLIST_FILE = "Passcode/Passcode-Info.plist";
				IPHONEOS_DEPLOYMENT_TARGET = 7.0;
				PRODUCT_NAME = "$(TARGET_NAME)";
				PROVISIONING_PROFILE = "";
				SDKROOT = iphoneos;
				TARGETED_DEVICE_FAMILY = "1,2";
				WRAPPER_EXTENSION = app;
			};
			name = Release;
		};
/* End XCBuildConfiguration section */

/* Begin XCConfigurationList section */
		C91E0804191E0EB80027981C /* Build configuration list for PBXNativeTarget "Passcode Tests" */ = {
			isa = XCConfigurationList;
			buildConfigurations = (
				C91E0805191E0EB80027981C /* Debug */,
				C91E0806191E0EB80027981C /* Release */,
			);
			defaultConfigurationIsVisible = 0;
		};
		C95FDED915D232D5006FE035 /* Build configuration list for PBXProject "Passcode" */ = {
			isa = XCConfigurationList;
			buildConfigurations = (
				C95FDEFB15D232D5006FE035 /* Debug */,
				C95FDEFC15D232D5006FE035 /* Release */,
			);
			defaultConfigurationIsVisible = 0;
			defaultConfigurationName = Release;
		};
		C95FDEFD15D232D5006FE035 /* Build configuration list for PBXNativeTarget "Passcode" */ = {
			isa = XCConfigurationList;
			buildConfigurations = (
				C95FDEFE15D232D5006FE035 /* Debug */,
				C95FDEFF15D232D5006FE035 /* Release */,
			);
			defaultConfigurationIsVisible = 0;
			defaultConfigurationName = Release;
		};
/* End XCConfigurationList section */
	};
	rootObject = C95FDED615D232D5006FE035 /* Project object */;
}
